
Microsoft Visual Studio Solution File, Format Version 12.00
# Visual Studio Version 17
VisualStudioVersion = 17.1.32421.90
MinimumVisualStudioVersion = 10.0.40219.1
Project("{FAE04EC0-301F-11D3-BF4B-00C04F79EFBC}") = "MailSenderServiceApp", "MailSenderServiceApp\MailSenderServiceApp.csproj", "{4371F2BC-2D65-4470-A34D-7C050B271250}"
EndProject
Global
	GlobalSection(SolutionConfigurationPlatforms) = preSolution
		Debug|Any CPU = Debug|Any CPU
		Release|Any CPU = Release|Any CPU
	EndGlobalSection
	GlobalSection(ProjectConfigurationPlatforms) = postSolution
		{4371F2BC-2D65-4470-A34D-7C050B271250}.Debug|Any CPU.ActiveCfg = Debug|Any CPU
		{4371F2BC-2D65-4470-A34D-7C050B271250}.Debug|Any CPU.Build.0 = Debug|Any CPU
		{4371F2BC-2D65-4470-A34D-7C050B271250}.Release|Any CPU.ActiveCfg = Release|Any CPU
		{4371F2BC-2D65-4470-A34D-7C050B271250}.Release|Any CPU.Build.0 = Release|Any CPU
	EndGlobalSection
	GlobalSection(SolutionProperties) = preSolution
		HideSolutionNode = FALSE
	EndGlobalSection
	GlobalSection(ExtensibilityGlobals) = postSolution
		SolutionGuid = {B69E4762-DDCE-4E1D-B084-912337B764D1}
	EndGlobalSection
EndGlobal
